Microsoft Visual Studio Solution File, Format Version 12.00
# Visual Studio Version 17
VisualStudioVersion = 17.5.2.0
MinimumVisualStudioVersion = 10.0.40219.1
Project("{FAE04EC0-301F-11D3-BF4B-00C04F79EFBC}") = "FilesystemMCP", "FilesystemMCP.csproj", "{43096CBE-B4BA-E33F-EEDC-26D1D3344D47}"
EndProject
Project("{FAE04EC0-301F-11D3-BF4B-00C04F79EFBC}") = "FilesystemMcp.Tests", "FilesystemMcp.Tests\FilesystemMcp.Tests.csproj", "{7BEBD25F-25AF-4CCD-BED9-6FCC2D7A209A}"
EndProject
Project("{FAE04EC0-301F-11D3-BF4B-00C04F79EFBC}") = "FilesystemMcp.TestHost", "FilesystemMcp.Tests\TestHost\FilesystemMcp.TestHost.csproj", "{F57AB705-DC04-4C71-98B2-97D60C92652E}"
EndProject
Global
	GlobalSection(SolutionConfigurationPlatforms) = preSolution
		Debug|Any CPU = Debug|Any CPU
		Release|Any CPU = Release|Any CPU
	EndGlobalSection
	GlobalSection(ProjectConfigurationPlatforms) = postSolution
		{F57AB705-DC04-4C71-98B2-97D60C92652E}.Debug|Any CPU.ActiveCfg = Debug|Any CPU
		{F57AB705-DC04-4C71-98B2-97D60C92652E}.Debug|Any CPU.Build.0 = Debug|Any CPU
		{F57AB705-DC04-4C71-98B2-97D60C92652E}.Release|Any CPU.ActiveCfg = Release|Any CPU
		{F57AB705-DC04-4C71-98B2-97D60C92652E}.Release|Any CPU.Build.0 = Release|Any CPU
		{7BEBD25F-25AF-4CCD-BED9-6FCC2D7A209A}.Debug|Any CPU.ActiveCfg = Debug|Any CPU
		{7BEBD25F-25AF-4CCD-BED9-6FCC2D7A209A}.Debug|Any CPU.Build.0 = Debug|Any CPU
		{7BEBD25F-25AF-4CCD-BED9-6FCC2D7A209A}.Release|Any CPU.ActiveCfg = Release|Any CPU
		{7BEBD25F-25AF-4CCD-BED9-6FCC2D7A209A}.Release|Any CPU.Build.0 = Release|Any CPU
		{43096CBE-B4BA-E33F-EEDC-26D1D3344D47}.Debug|Any CPU.ActiveCfg = Debug|Any CPU
		{43096CBE-B4BA-E33F-EEDC-26D1D3344D47}.Debug|Any CPU.Build.0 = Debug|Any CPU
		{43096CBE-B4BA-E33F-EEDC-26D1D3344D47}.Release|Any CPU.ActiveCfg = Release|Any CPU
		{43096CBE-B4BA-E33F-EEDC-26D1D3344D47}.Release|Any CPU.Build.0 = Release|Any CPU
	EndGlobalSection
	GlobalSection(SolutionProperties) = preSolution
		HideSolutionNode = FALSE
	EndGlobalSection
	GlobalSection(ExtensibilityGlobals) = postSolution
		SolutionGuid = {E7529968-D4AC-4ECB-A45C-DA42D60550A3}
	EndGlobalSection
EndGlobal
